{
  "version": 4,
  "terraform_version": "1.7.5",
  "serial": 18,
  "lineage": "5f63fbd3-e8aa-4fc2-4ded-e78de036c7cf",
  "outputs": {
    "ip": {
      "value": "192.241.134.122",
      "type": "string"
    }
  },
  "resources": [
    {
      "mode": "managed",
      "type": "digitalocean_droplet",
      "name": "web",
      "provider": "provider[\"registry.terraform.io/digitalocean/digitalocean\"]",
      "instances": [
        {
          "schema_version": 1,
          "attributes": {
            "backups": false,
            "created_at": "2024-04-08T20:07:38Z",
            "disk": 10,
            "droplet_agent": null,
            "graceful_shutdown": false,
            "id": "411703972",
            "image": "ubuntu-22-04-x64",
            "ipv4_address": "192.241.134.122",
            "ipv4_address_private": "10.136.0.2",
            "ipv6": false,
            "ipv6_address": "",
            "locked": false,
            "memory": 512,
            "monitoring": false,
            "name": "GENESIS",
            "price_hourly": 0.00595,
            "price_monthly": 4,
            "private_networking": true,
            "region": "nyc1",
            "resize_disk": true,
            "size": "s-1vcpu-512mb-10gb",
            "ssh_keys": [
              "a6:06:fa:e4:18:1b:2a:d9:48:92:b0:90:01:35:55:8d"
            ],
            "status": "active",
            "tags": null,
            "timeouts": null,
            "urn": "do:droplet:411703972",
            "user_data": null,
            "vcpus": 1,
            "volume_ids": [],
            "vpc_uuid": "66bdd664-791d-4d46-bd26-b9fdb3bbdfcb"
          },
          "sensitive_attributes": [],
          "private": "eyJlMmJmYjczMC1lY2FhLTExZTYtOGY4OC0zNDM2M2JjN2M0YzAiOnsiY3JlYXRlIjozNjAwMDAwMDAwMDAwLCJkZWxldGUiOjYwMDAwMDAwMDAwLCJ1cGRhdGUiOjM2MDAwMDAwMDAwMDB9LCJzY2hlbWFfdmVyc2lvbiI6IjEifQ==",
          "dependencies": [
            "digitalocean_ssh_key.minha_chave"
          ]
        }
      ]
    },
    {
      "mode": "managed",
      "type": "digitalocean_ssh_key",
      "name": "minha_chave",
      "provider": "provider[\"registry.terraform.io/digitalocean/digitalocean\"]",
      "instances": [
        {
          "schema_version": 0,
          "attributes": {
            "fingerprint": "a6:06:fa:e4:18:1b:2a:d9:48:92:b0:90:01:35:55:8d",
            "id": "41561976",
            "name": "STARLORD",
            "public_key": "ssh-ed25519 AAAAC3NzaC1lZDI1NTE5AAAAIK9XgtW2+dgJwVi6/V0Ed5RAE1G+PHDMK2NnYj9Wswf8 joaohcrangel@gmail.com\r\n"
          },
          "sensitive_attributes": [],
          "private": "bnVsbA=="
        }
      ]
    }
  ],
  "check_results": null
}
